
Microsoft Visual Studio Solution File, Format Version 12.00
# Visual Studio Version 16
VisualStudioVersion = 16.0.30011.22
MinimumVisualStudioVersion = 10.0.40219.1
Project("{9A19103F-16F7-4668-BE54-9A1E7A4F7556}") = "aspWebApp", "aspWebApp\aspWebApp.csproj", "{8EDAE5A5-6F79-490D-8746-2B94A43D257D}"
EndProject
Project("{9A19103F-16F7-4668-BE54-9A1E7A4F7556}") = "Desktop", "WindowsFormsApp1\Desktop.csproj", "{D741B19A-3E32-4295-90B7-9F3B01BACDE1}"
EndProject
Global
	GlobalSection(SolutionConfigurationPlatforms) = preSolution
		Debug|Any CPU = Debug|Any CPU
		Release|Any CPU = Release|Any CPU
	EndGlobalSection
	GlobalSection(ProjectConfigurationPlatforms) = postSolution
		{8EDAE5A5-6F79-490D-8746-2B94A43D257D}.Debug|Any CPU.ActiveCfg = Debug|Any CPU
		{8EDAE5A5-6F79-490D-8746-2B94A43D257D}.Debug|Any CPU.Build.0 = Debug|Any CPU
		{8EDAE5A5-6F79-490D-8746-2B94A43D257D}.Release|Any CPU.ActiveCfg = Release|Any CPU
		{8EDAE5A5-6F79-490D-8746-2B94A43D257D}.Release|Any CPU.Build.0 = Release|Any CPU
		{D741B19A-3E32-4295-90B7-9F3B01BACDE1}.Debug|Any CPU.ActiveCfg = Debug|Any CPU
		{D741B19A-3E32-4295-90B7-9F3B01BACDE1}.Debug|Any CPU.Build.0 = Debug|Any CPU
		{D741B19A-3E32-4295-90B7-9F3B01BACDE1}.Release|Any CPU.ActiveCfg = Release|Any CPU
		{D741B19A-3E32-4295-90B7-9F3B01BACDE1}.Release|Any CPU.Build.0 = Release|Any CPU
	EndGlobalSection
	GlobalSection(SolutionProperties) = preSolution
		HideSolutionNode = FALSE
	EndGlobalSection
	GlobalSection(ExtensibilityGlobals) = postSolution
		SolutionGuid = {91CD3AFB-5BF1-44D7-A724-E70EE86BAB32}
	EndGlobalSection
EndGlobal
